
Microsoft Visual Studio Solution File, Format Version 12.00
# Visual Studio 14
VisualStudioVersion = 14.0.25420.1
MinimumVisualStudioVersion = 10.0.40219.1
Project("{FAE04EC0-301F-11D3-BF4B-00C04F79EFBC}") = "ADAL-Graph-API-Addin", "WordAddin\ADAL-Graph-API-Addin.csproj", "{960486D8-F88C-49E8-AE2D-CE1FD055D318}"
EndProject
Project("{FAE04EC0-301F-11D3-BF4B-00C04F79EFBC}") = "ADAL-Graph-API-AddinWeb", "WordAddinWeb\ADAL-Graph-API-AddinWeb.csproj", "{B394B48A-DA86-48B8-AC80-53154246A9F7}"
EndProject
Global
	GlobalSection(SolutionConfigurationPlatforms) = preSolution
		Debug|Any CPU = Debug|Any CPU
		Release|Any CPU = Release|Any CPU
	EndGlobalSection
	GlobalSection(ProjectConfigurationPlatforms) = postSolution
		{960486D8-F88C-49E8-AE2D-CE1FD055D318}.Debug|Any CPU.ActiveCfg = Debug|Any CPU
		{960486D8-F88C-49E8-AE2D-CE1FD055D318}.Debug|Any CPU.Build.0 = Debug|Any CPU
		{960486D8-F88C-49E8-AE2D-CE1FD055D318}.Debug|Any CPU.Deploy.0 = Debug|Any CPU
		{960486D8-F88C-49E8-AE2D-CE1FD055D318}.Release|Any CPU.ActiveCfg = Release|Any CPU
		{960486D8-F88C-49E8-AE2D-CE1FD055D318}.Release|Any CPU.Build.0 = Release|Any CPU
		{960486D8-F88C-49E8-AE2D-CE1FD055D318}.Release|Any CPU.Deploy.0 = Release|Any CPU
		{B394B48A-DA86-48B8-AC80-53154246A9F7}.Debug|Any CPU.ActiveCfg = Debug|Any CPU
		{B394B48A-DA86-48B8-AC80-53154246A9F7}.Debug|Any CPU.Build.0 = Debug|Any CPU
		{B394B48A-DA86-48B8-AC80-53154246A9F7}.Release|Any CPU.ActiveCfg = Release|Any CPU
		{B394B48A-DA86-48B8-AC80-53154246A9F7}.Release|Any CPU.Build.0 = Release|Any CPU
	EndGlobalSection
	GlobalSection(SolutionProperties) = preSolution
		HideSolutionNode = FALSE
	EndGlobalSection
EndGlobal
